
Microsoft Visual Studio Solution File, Format Version 12.00
# Visual Studio 14
VisualStudioVersion = 14.0.25420.1
MinimumVisualStudioVersion = 10.0.40219.1
Project("{FAE04EC0-301F-11D3-BF4B-00C04F79EFBC}") = "WebWeather", "WebWeather\WebWeather.csproj", "{B8621617-8E2F-4A87-8E61-97F61A974558}"
EndProject
Project("{FAE04EC0-301F-11D3-BF4B-00C04F79EFBC}") = "DAL", "DAL\DAL.csproj", "{7AC52E62-C35A-4EFF-9362-B15C61C4592C}"
EndProject
Project("{FAE04EC0-301F-11D3-BF4B-00C04F79EFBC}") = "BLL", "BLL\BLL.csproj", "{D0DBC7C8-BEC4-4AB3-9F26-358ECF7F3E1E}"
EndProject
Global
	GlobalSection(SolutionConfigurationPlatforms) = preSolution
		Debug|Any CPU = Debug|Any CPU
		Release|Any CPU = Release|Any CPU
	EndGlobalSection
	GlobalSection(ProjectConfigurationPlatforms) = postSolution
		{B8621617-8E2F-4A87-8E61-97F61A974558}.Debug|Any CPU.ActiveCfg = Debug|Any CPU
		{B8621617-8E2F-4A87-8E61-97F61A974558}.Debug|Any CPU.Build.0 = Debug|Any CPU
		{B8621617-8E2F-4A87-8E61-97F61A974558}.Release|Any CPU.ActiveCfg = Release|Any CPU
		{B8621617-8E2F-4A87-8E61-97F61A974558}.Release|Any CPU.Build.0 = Release|Any CPU
		{7AC52E62-C35A-4EFF-9362-B15C61C4592C}.Debug|Any CPU.ActiveCfg = Debug|Any CPU
		{7AC52E62-C35A-4EFF-9362-B15C61C4592C}.Debug|Any CPU.Build.0 = Debug|Any CPU
		{7AC52E62-C35A-4EFF-9362-B15C61C4592C}.Release|Any CPU.ActiveCfg = Release|Any CPU
		{7AC52E62-C35A-4EFF-9362-B15C61C4592C}.Release|Any CPU.Build.0 = Release|Any CPU
		{D0DBC7C8-BEC4-4AB3-9F26-358ECF7F3E1E}.Debug|Any CPU.ActiveCfg = Debug|Any CPU
		{D0DBC7C8-BEC4-4AB3-9F26-358ECF7F3E1E}.Debug|Any CPU.Build.0 = Debug|Any CPU
		{D0DBC7C8-BEC4-4AB3-9F26-358ECF7F3E1E}.Release|Any CPU.ActiveCfg = Release|Any CPU
		{D0DBC7C8-BEC4-4AB3-9F26-358ECF7F3E1E}.Release|Any CPU.Build.0 = Release|Any CPU
	EndGlobalSection
	GlobalSection(SolutionProperties) = preSolution
		HideSolutionNode = FALSE
	EndGlobalSection
EndGlobal
